# This file is automatically @generated by Poetry 2.1.1 and should not be changed by hand.

[[package]]
name = "hw-2-firepancake"
version = "0.1.1"
description = "Simple functional LaTeX code generator (tables, figures)"
optional = false
python-versions = "<4.0,>=3.12"
groups = ["main"]
files = [
    {file = "hw_2_firepancake-0.1.1-py3-none-any.whl", hash = "sha256:fec51efe376a89d0a08fc55e1c4e20c6a7a7a9f10b679a78820552d563b262bd"},
    {file = "hw_2_firepancake-0.1.1.tar.gz", hash = "sha256:613ab6a4d8630719895a28845586aea7fe2f681bb302782522e950ee62a43e7e"},
]

[metadata]
lock-version = "2.1"
python-versions = ">=3.13,<4.0"
content-hash = "befc1a0aa0beab94438cbc6b6f6d66443859264b87acd66a0b533d6254c41957"
